// !$*UTF8*$!
{
	archiveVersion = 1;
	classes = {
	};
	objectVersion = 77;
	objects = {

/* Begin PBXBuildFile section */
		ED5840372D9A2E0F00D5A251 /* Assets.xcassets in Resources */ = {isa = PBXBuildFile; fileRef = ED5840292D9A2E0F00D5A251 /* Assets.xcassets */; };
		ED692DE42D9F6A1100756E3F /* musica.mp3 in Resources */ = {isa = PBXBuildFile; fileRef = ED692DE22D9F6A1100756E3F /* musica.mp3 */; };
/* End PBXBuildFile section */

/* Begin PBXContainerItemProxy section */
		EDF54B1F2D80C19500F07FFE /* PBXContainerItemProxy */ = {
			isa = PBXContainerItemProxy;
			containerPortal = EDF54B062D80C19300F07FFE /* Project object */;
			proxyType = 1;
			remoteGlobalIDString = EDF54B0D2D80C19300F07FFE;
			remoteInfo = kkj;
		};
		EDF54B292D80C19500F07FFE /* PBXContainerItemProxy */ = {
			isa = PBXContainerItemProxy;
			containerPortal = EDF54B062D80C19300F07FFE /* Project object */;
			proxyType = 1;
			remoteGlobalIDString = EDF54B0D2D80C19300F07FFE;
			remoteInfo = kkj;
		};
/* End PBXContainerItemProxy section */

/* Begin PBXFileReference section */
		ED5840292D9A2E0F00D5A251 /* Assets.xcassets */ = {isa = PBXFileReference; lastKnownFileType = folder.assetcatalog; path = Assets.xcassets; sourceTree = "<group>"; };
		ED692DE22D9F6A1100756E3F /* musica.mp3 */ = {isa = PBXFileReference; lastKnownFileType = audio.mp3; path = musica.mp3; sourceTree = "<group>"; };
		EDF54B0E2D80C19300F07FFE /* Hideblo.app */ = {isa = PBXFileReference; explicitFileType = wrapper.application; includeInIndex = 0; path = Hideblo.app; sourceTree = BUILT_PRODUCTS_DIR; };
		EDF54B1E2D80C19500F07FFE /* HidebloTests.xctest */ = {isa = PBXFileReference; explicitFileType = wrapper.cfbundle; includeInIndex = 0; path = HidebloTests.xctest; sourceTree = BUILT_PRODUCTS_DIR; };
		EDF54B282D80C19500F07FFE /* HidebloUITests.xctest */ = {isa = PBXFileReference; explicitFileType = wrapper.cfbundle; includeInIndex = 0; path = HidebloUITests.xctest; sourceTree = BUILT_PRODUCTS_DIR; };
/* End PBXFileReference section */

/* Begin PBXFileSystemSynchronizedBuildFileExceptionSet section */
		ED8987522D9B32470040E73F /* Exceptions for "Hideblo" folder in "Hideblo" target */ = {
			isa = PBXFileSystemSynchronizedBuildFileExceptionSet;
			membershipExceptions = (
				Info.plist,
			);
			target = EDF54B0D2D80C19300F07FFE /* Hideblo */;
		};
/* End PBXFileSystemSynchronizedBuildFileExceptionSet section */

/* Begin PBXFileSystemSynchronizedRootGroup section */
		ED89874E2D9B31410040E73F /* Fonts */ = {
			isa = PBXFileSystemSynchronizedRootGroup;
			path = Fonts;
			sourceTree = "<group>";
		};
		EDF54B102D80C19300F07FFE /* Hideblo */ = {
			isa = PBXFileSystemSynchronizedRootGroup;
			exceptions = (
				ED8987522D9B32470040E73F /* Exceptions for "Hideblo" folder in "Hideblo" target */,
			);
			path = Hideblo;
			sourceTree = "<group>";
		};
		EDF54B212D80C19500F07FFE /* HidebloTests */ = {
			isa = PBXFileSystemSynchronizedRootGroup;
			path = HidebloTests;
			sourceTree = "<group>";
		};
		EDF54B2B2D80C19500F07FFE /* HidebloUITests */ = {
			isa = PBXFileSystemSynchronizedRootGroup;
			path = HidebloUITests;
			sourceTree = "<group>";
		};
/* End PBXFileSystemSynchronizedRootGroup section */

/* Begin PBXFrameworksBuildPhase section */
		EDF54B0B2D80C19300F07FFE /* Frameworks */ = {
			isa = PBXFrameworksBuildPhase;
			buildActionMask = 2147483647;
			files = (
			);
			runOnlyForDeploymentPostprocessing = 0;
		};
		EDF54B1B2D80C19500F07FFE /* Frameworks */ = {
			isa = PBXFrameworksBuildPhase;
			buildActionMask = 2147483647;
			files = (
			);
			runOnlyForDeploymentPostprocessing = 0;
		};
		EDF54B252D80C19500F07FFE /* Frameworks */ = {
			isa = PBXFrameworksBuildPhase;
			buildActionMask = 2147483647;
			files = (
			);
			runOnlyForDeploymentPostprocessing = 0;
		};
/* End PBXFrameworksBuildPhase section */

/* Begin PBXGroup section */
		ED692DE32D9F6A1100756E3F /* Resources */ = {
			isa = PBXGroup;
			children = (
				ED692DE22D9F6A1100756E3F /* musica.mp3 */,
			);
			path = Resources;
			sourceTree = "<group>";
		};
		EDF54B052D80C19300F07FFE = {
			isa = PBXGroup;
			children = (
				ED89874E2D9B31410040E73F /* Fonts */,
				EDF54B102D80C19300F07FFE /* Hideblo */,
				EDF54B212D80C19500F07FFE /* HidebloTests */,
				EDF54B2B2D80C19500F07FFE /* HidebloUITests */,
				EDF54B0F2D80C19300F07FFE /* Products */,
				ED5840292D9A2E0F00D5A251 /* Assets.xcassets */,
				ED692DE32D9F6A1100756E3F /* Resources */,
			);
			sourceTree = "<group>";
		};
		EDF54B0F2D80C19300F07FFE /* Products */ = {
			isa = PBXGroup;
			children = (
				EDF54B0E2D80C19300F07FFE /* Hideblo.app */,
				EDF54B1E2D80C19500F07FFE /* HidebloTests.xctest */,
				EDF54B282D80C19500F07FFE /* HidebloUITests.xctest */,
			);
			name = Products;
			sourceTree = "<group>";
		};
/* End PBXGroup section */

/* Begin PBXNativeTarget section */
		EDF54B0D2D80C19300F07FFE /* Hideblo */ = {
			isa = PBXNativeTarget;
			buildConfigurationList = EDF54B322D80C19500F07FFE /* Build configuration list for PBXNativeTarget "Hideblo" */;
			buildPhases = (
				EDF54B0A2D80C19300F07FFE /* Sources */,
				EDF54B0B2D80C19300F07FFE /* Frameworks */,
				EDF54B0C2D80C19300F07FFE /* Resources */,
			);
			buildRules = (
			);
			dependencies = (
			);
			fileSystemSynchronizedGroups = (
				ED89874E2D9B31410040E73F /* Fonts */,
				EDF54B102D80C19300F07FFE /* Hideblo */,
			);
			name = Hideblo;
			packageProductDependencies = (
			);
			productName = kkj;
			productReference = EDF54B0E2D80C19300F07FFE /* Hideblo.app */;
			productType = "com.apple.product-type.application";
		};
		EDF54B1D2D80C19500F07FFE /* HidebloTests */ = {
			isa = PBXNativeTarget;
			buildConfigurationList = EDF54B352D80C19500F07FFE /* Build configuration list for PBXNativeTarget "HidebloTests" */;
			buildPhases = (
				EDF54B1A2D80C19500F07FFE /* Sources */,
				EDF54B1B2D80C19500F07FFE /* Frameworks */,
				EDF54B1C2D80C19500F07FFE /* Resources */,
			);
			buildRules = (
			);
			dependencies = (
				EDF54B202D80C19500F07FFE /* PBXTargetDependency */,
			);
			fileSystemSynchronizedGroups = (
				EDF54B212D80C19500F07FFE /* HidebloTests */,
			);
			name = HidebloTests;
			packageProductDependencies = (
			);
			productName = kkjTests;
			productReference = EDF54B1E2D80C19500F07FFE /* HidebloTests.xctest */;
			productType = "com.apple.product-type.bundle.unit-test";
		};
		EDF54B272D80C19500F07FFE /* HidebloUITests */ = {
			isa = PBXNativeTarget;
			buildConfigurationList = EDF54B382D80C19500F07FFE /* Build configuration list for PBXNativeTarget "HidebloUITests" */;
			buildPhases = (
				EDF54B242D80C19500F07FFE /* Sources */,
				EDF54B252D80C19500F07FFE /* Frameworks */,
				EDF54B262D80C19500F07FFE /* Resources */,
			);
			buildRules = (
			);
			dependencies = (
				EDF54B2A2D80C19500F07FFE /* PBXTargetDependency */,
			);
			fileSystemSynchronizedGroups = (
				EDF54B2B2D80C19500F07FFE /* HidebloUITests */,
			);
			name = HidebloUITests;
			packageProductDependencies = (
			);
			productName = kkjUITests;
			productReference = EDF54B282D80C19500F07FFE /* HidebloUITests.xctest */;
			productType = "com.apple.product-type.bundle.ui-testing";
		};
/* End PBXNativeTarget section */

/* Begin PBXProject section */
		EDF54B062D80C19300F07FFE /* Project object */ = {
			isa = PBXProject;
			attributes = {
				BuildIndependentTargetsInParallel = 1;
				LastSwiftUpdateCheck = 1620;
				LastUpgradeCheck = 1620;
				TargetAttributes = {
					EDF54B0D2D80C19300F07FFE = {
						CreatedOnToolsVersion = 16.2;
					};
					EDF54B1D2D80C19500F07FFE = {
						CreatedOnToolsVersion = 16.2;
						TestTargetID = EDF54B0D2D80C19300F07FFE;
					};
					EDF54B272D80C19500F07FFE = {
						CreatedOnToolsVersion = 16.2;
						TestTargetID = EDF54B0D2D80C19300F07FFE;
					};
				};
			};
			buildConfigurationList = EDF54B092D80C19300F07FFE /* Build configuration list for PBXProject "Hideblo" */;
			developmentRegion = en;
			hasScannedForEncodings = 0;
			knownRegions = (
				en,
				Base,
			);
			mainGroup = EDF54B052D80C19300F07FFE;
			minimizedProjectReferenceProxies = 1;
			preferredProjectObjectVersion = 77;
			productRefGroup = EDF54B0F2D80C19300F07FFE /* Products */;
			projectDirPath = "";
			projectRoot = "";
			targets = (
				EDF54B0D2D80C19300F07FFE /* Hideblo */,
				EDF54B1D2D80C19500F07FFE /* HidebloTests */,
				EDF54B272D80C19500F07FFE /* HidebloUITests */,
			);
		};
/* End PBXProject section */

/* Begin PBXResourcesBuildPhase section */
		EDF54B0C2D80C19300F07FFE /* Resources */ = {
			isa = PBXResourcesBuildPhase;
			buildActionMask = 2147483647;
			files = (
				ED692DE42D9F6A1100756E3F /* musica.mp3 in Resources */,
				ED5840372D9A2E0F00D5A251 /* Assets.xcassets in Resources */,
			);
			runOnlyForDeploymentPostprocessing = 0;
		};
		EDF54B1C2D80C19500F07FFE /* Resources */ = {
			isa = PBXResourcesBuildPhase;
			buildActionMask = 2147483647;
			files = (
			);
			runOnlyForDeploymentPostprocessing = 0;
		};
		EDF54B262D80C19500F07FFE /* Resources */ = {
			isa = PBXResourcesBuildPhase;
			buildActionMask = 2147483647;
			files = (
			);
			runOnlyForDeploymentPostprocessing = 0;
		};
/* End PBXResourcesBuildPhase section */

/* Begin PBXSourcesBuildPhase section */
		EDF54B0A2D80C19300F07FFE /* Sources */ = {
			isa = PBXSourcesBuildPhase;
			buildActionMask = 2147483647;
			files = (
			);
			runOnlyForDeploymentPostprocessing = 0;
		};
		EDF54B1A2D80C19500F07FFE /* Sources */ = {
			isa = PBXSourcesBuildPhase;
			buildActionMask = 2147483647;
			files = (
			);
			runOnlyForDeploymentPostprocessing = 0;
		};
		EDF54B242D80C19500F07FFE /* Sources */ = {
			isa = PBXSourcesBuildPhase;
			buildActionMask = 2147483647;
			files = (
			);
			runOnlyForDeploymentPostprocessing = 0;
		};
/* End PBXSourcesBuildPhase section */

/* Begin PBXTargetDependency section */
		EDF54B202D80C19500F07FFE /* PBXTargetDependency */ = {
			isa = PBXTargetDependency;
			target = EDF54B0D2D80C19300F07FFE /* Hideblo */;
			targetProxy = EDF54B1F2D80C19500F07FFE /* PBXContainerItemProxy */;
		};
		EDF54B2A2D80C19500F07FFE /* PBXTargetDependency */ = {
			isa = PBXTargetDependency;
			target = EDF54B0D2D80C19300F07FFE /* Hideblo */;
			targetProxy = EDF54B292D80C19500F07FFE /* PBXContainerItemProxy */;
		};
/* End PBXTargetDependency section */

/* Begin XCBuildConfiguration section */
		EDF54B302D80C19500F07FFE /* Debug */ = {
			isa = XCBuildConfiguration;
			buildSettings = {
				ALWAYS_SEARCH_USER_PATHS = NO;
				ASSETCATALOG_COMPILER_GENERATE_SWIFT_ASSET_SYMBOL_EXTENSIONS = YES;
				CLANG_ANALYZER_NONNULL = YES;
				CLANG_ANALYZER_NUMBER_OBJECT_CONVERSION = YES_AGGRESSIVE;
				CLANG_CXX_LANGUAGE_STANDARD = "gnu++20";
				CLANG_ENABLE_MODULES = YES;
				CLANG_ENABLE_OBJC_ARC = YES;
				CLANG_ENABLE_OBJC_WEAK = YES;
				CLANG_WARN_BLOCK_CAPTURE_AUTORELEASING = YES;
				CLANG_WARN_BOOL_CONVERSION = YES;
				CLANG_WARN_COMMA = YES;
				CLANG_WARN_CONSTANT_CONVERSION = YES;
				CLANG_WARN_DEPRECATED_OBJC_IMPLEMENTATIONS = YES;
				CLANG_WARN_DIRECT_OBJC_ISA_USAGE = YES_ERROR;
				CLANG_WARN_DOCUMENTATION_COMMENTS = YES;
				CLANG_WARN_EMPTY_BODY = YES;
				CLANG_WARN_ENUM_CONVERSION = YES;
				CLANG_WARN_INFINITE_RECURSION = YES;
				CLANG_WARN_INT_CONVERSION = YES;
				CLANG_WARN_NON_LITERAL_NULL_CONVERSION = YES;
				CLANG_WARN_OBJC_IMPLICIT_RETAIN_SELF = YES;
				CLANG_WARN_OBJC_LITERAL_CONVERSION = YES;
				CLANG_WARN_OBJC_ROOT_CLASS = YES_ERROR;
				CLANG_WARN_QUOTED_INCLUDE_IN_FRAMEWORK_HEADER = YES;
				CLANG_WARN_RANGE_LOOP_ANALYSIS = YES;
				CLANG_WARN_STRICT_PROTOTYPES = YES;
				CLANG_WARN_SUSPICIOUS_MOVE = YES;
				CLANG_WARN_UNGUARDED_AVAILABILITY = YES_AGGRESSIVE;
				CLANG_WARN_UNREACHABLE_CODE = YES;
				CLANG_WARN__DUPLICATE_METHOD_MATCH = YES;
				COPY_PHASE_STRIP = NO;
				DEBUG_INFORMATION_FORMAT = dwarf;
				ENABLE_STRICT_OBJC_MSGSEND = YES;
				ENABLE_TESTABILITY = YES;
				ENABLE_USER_SCRIPT_SANDBOXING = YES;
				GCC_C_LANGUAGE_STANDARD = gnu17;
				GCC_DYNAMIC_NO_PIC = NO;
				GCC_NO_COMMON_BLOCKS = YES;
				GCC_OPTIMIZATION_LEVEL = 0;
				GCC_PREPROCESSOR_DEFINITIONS = (
					"DEBUG=1",
					"$(inherited)",
				);
				GCC_WARN_64_TO_32_BIT_CONVERSION = YES;
				GCC_WARN_ABOUT_RETURN_TYPE = YES_ERROR;
				GCC_WARN_UNDECLARED_SELECTOR = YES;
				GCC_WARN_UNINITIALIZED_AUTOS = YES_AGGRESSIVE;
				GCC_WARN_UNUSED_FUNCTION = YES;
				GCC_WARN_UNUSED_VARIABLE = YES;
				IPHONEOS_DEPLOYMENT_TARGET = 18.2;
				LOCALIZATION_PREFERS_STRING_CATALOGS = YES;
				MTL_ENABLE_DEBUG_INFO = INCLUDE_SOURCE;
				MTL_FAST_MATH = YES;
				ONLY_ACTIVE_ARCH = YES;
				SDKROOT = iphoneos;
				SWIFT_ACTIVE_COMPILATION_CONDITIONS = "DEBUG $(inherited)";
				SWIFT_OPTIMIZATION_LEVEL = "-Onone";
			};
			name = Debug;
		};
		EDF54B312D80C19500F07FFE /* Release */ = {
			isa = XCBuildConfiguration;
			buildSettings = {
				ALWAYS_SEARCH_USER_PATHS = NO;
				ASSETCATALOG_COMPILER_GENERATE_SWIFT_ASSET_SYMBOL_EXTENSIONS = YES;
				CLANG_ANALYZER_NONNULL = YES;
				CLANG_ANALYZER_NUMBER_OBJECT_CONVERSION = YES_AGGRESSIVE;
				CLANG_CXX_LANGUAGE_STANDARD = "gnu++20";
				CLANG_ENABLE_MODULES = YES;
				CLANG_ENABLE_OBJC_ARC = YES;
				CLANG_ENABLE_OBJC_WEAK = YES;
				CLANG_WARN_BLOCK_CAPTURE_AUTORELEASING = YES;
				CLANG_WARN_BOOL_CONVERSION = YES;
				CLANG_WARN_COMMA = YES;
				CLANG_WARN_CONSTANT_CONVERSION = YES;
				CLANG_WARN_DEPRECATED_OBJC_IMPLEMENTATIONS = YES;
				CLANG_WARN_DIRECT_OBJC_ISA_USAGE = YES_ERROR;
				CLANG_WARN_DOCUMENTATION_COMMENTS = YES;
				CLANG_WARN_EMPTY_BODY = YES;
				CLANG_WARN_ENUM_CONVERSION = YES;
				CLANG_WARN_INFINITE_RECURSION = YES;
				CLANG_WARN_INT_CONVERSION = YES;
				CLANG_WARN_NON_LITERAL_NULL_CONVERSION = YES;
				CLANG_WARN_OBJC_IMPLICIT_RETAIN_SELF = YES;
				CLANG_WARN_OBJC_LITERAL_CONVERSION = YES;
				CLANG_WARN_OBJC_ROOT_CLASS = YES_ERROR;
				CLANG_WARN_QUOTED_INCLUDE_IN_FRAMEWORK_HEADER = YES;
				CLANG_WARN_RANGE_LOOP_ANALYSIS = YES;
				CLANG_WARN_STRICT_PROTOTYPES = YES;
				CLANG_WARN_SUSPICIOUS_MOVE = YES;
				CLANG_WARN_UNGUARDED_AVAILABILITY = YES_AGGRESSIVE;
				CLANG_WARN_UNREACHABLE_CODE = YES;
				CLANG_WARN__DUPLICATE_METHOD_MATCH = YES;
				COPY_PHASE_STRIP = NO;
				DEBUG_INFORMATION_FORMAT = "dwarf-with-dsym";
				ENABLE_NS_ASSERTIONS = NO;
				ENABLE_STRICT_OBJC_MSGSEND = YES;
				ENABLE_USER_SCRIPT_SANDBOXING = YES;
				GCC_C_LANGUAGE_STANDARD = gnu17;
				GCC_NO_COMMON_BLOCKS = YES;
				GCC_WARN_64_TO_32_BIT_CONVERSION = YES;
				GCC_WARN_ABOUT_RETURN_TYPE = YES_ERROR;
				GCC_WARN_UNDECLARED_SELECTOR = YES;
				GCC_WARN_UNINITIALIZED_AUTOS = YES_AGGRESSIVE;
				GCC_WARN_UNUSED_FUNCTION = YES;
				GCC_WARN_UNUSED_VARIABLE = YES;
				IPHONEOS_DEPLOYMENT_TARGET = 18.2;
				LOCALIZATION_PREFERS_STRING_CATALOGS = YES;
				MTL_ENABLE_DEBUG_INFO = NO;
				MTL_FAST_MATH = YES;
				SDKROOT = iphoneos;
				SWIFT_COMPILATION_MODE = wholemodule;
				VALIDATE_PRODUCT = YES;
			};
			name = Release;
		};
		EDF54B332D80C19500F07FFE /* Debug */ = {
			isa = XCBuildConfiguration;
			buildSettings = {
				ASSETCATALOG_COMPILER_APPICON_NAME = AppIcon;
				ASSETCATALOG_COMPILER_GLOBAL_ACCENT_COLOR_NAME = AccentColor;
				ASSETCATALOG_COMPILER_INCLUDE_ALL_APPICON_ASSETS = NO;
				CODE_SIGN_STYLE = Automatic;
				CURRENT_PROJECT_VERSION = 1;
				DEVELOPMENT_ASSET_PATHS = "\"Hideblo/Preview Content\"";
				DEVELOPMENT_TEAM = 4KTCXZFJ89;
				ENABLE_PREVIEWS = YES;
				GENERATE_INFOPLIST_FILE = YES;
				INFOPLIST_FILE = Hideblo/Info.plist;
				INFOPLIST_KEY_CFBundleDisplayName = Hideblo;
				INFOPLIST_KEY_LSApplicationCategoryType = "public.app-category.education";
				INFOPLIST_KEY_UIApplicationSceneManifest_Generation = YES;
				INFOPLIST_KEY_UIApplicationSupportsIndirectInputEvents = YES;
				INFOPLIST_KEY_UILaunchScreen_Generation = YES;
				INFOPLIST_KEY_UISupportedInterfaceOrientations_iPad = "UIInterfaceOrientationPortrait UIInterfaceOrientationPortraitUpsideDown UIInterfaceOrientationLandscapeLeft UIInterfaceOrientationLandscapeRight";
				INFOPLIST_KEY_UISupportedInterfaceOrientations_iPhone = "UIInterfaceOrientationPortrait UIInterfaceOrientationLandscapeLeft UIInterfaceOrientationLandscapeRight";
				LD_RUNPATH_SEARCH_PATHS = (
					"$(inherited)",
					"@executable_path/Frameworks",
				);
				MARKETING_VERSION = 1.0;
				PRODUCT_BUNDLE_IDENTIFIER = ara.kkj;
				PRODUCT_NAME = "$(TARGET_NAME)";
				SWIFT_EMIT_LOC_STRINGS = YES;
				SWIFT_VERSION = 5.0;
				TARGETED_DEVICE_FAMILY = "1,2";
			};
			name = Debug;
		};
		EDF54B342D80C19500F07FFE /* Release */ = {
			isa = XCBuildConfiguration;
			buildSettings = {
				ASSETCATALOG_COMPILER_APPICON_NAME = AppIcon;
				ASSETCATALOG_COMPILER_GLOBAL_ACCENT_COLOR_NAME = AccentColor;
				ASSETCATALOG_COMPILER_INCLUDE_ALL_APPICON_ASSETS = NO;
				CODE_SIGN_STYLE = Automatic;
				CURRENT_PROJECT_VERSION = 1;
				DEVELOPMENT_ASSET_PATHS = "\"Hideblo/Preview Content\"";
				DEVELOPMENT_TEAM = 4KTCXZFJ89;
				ENABLE_PREVIEWS = YES;
				GENERATE_INFOPLIST_FILE = YES;
				INFOPLIST_FILE = Hideblo/Info.plist;
				INFOPLIST_KEY_CFBundleDisplayName = Hideblo;
				INFOPLIST_KEY_LSApplicationCategoryType = "public.app-category.education";
				INFOPLIST_KEY_UIApplicationSceneManifest_Generation = YES;
				INFOPLIST_KEY_UIApplicationSupportsIndirectInputEvents = YES;
				INFOPLIST_KEY_UILaunchScreen_Generation = YES;
				INFOPLIST_KEY_UISupportedInterfaceOrientations_iPad = "UIInterfaceOrientationPortrait UIInterfaceOrientationPortraitUpsideDown UIInterfaceOrientationLandscapeLeft UIInterfaceOrientationLandscapeRight";
				INFOPLIST_KEY_UISupportedInterfaceOrientations_iPhone = "UIInterfaceOrientationPortrait UIInterfaceOrientationLandscapeLeft UIInterfaceOrientationLandscapeRight";
				LD_RUNPATH_SEARCH_PATHS = (
					"$(inherited)",
					"@executable_path/Frameworks",
				);
				MARKETING_VERSION = 1.0;
				PRODUCT_BUNDLE_IDENTIFIER = ara.kkj;
				PRODUCT_NAME = "$(TARGET_NAME)";
				SWIFT_EMIT_LOC_STRINGS = YES;
				SWIFT_VERSION = 5.0;
				TARGETED_DEVICE_FAMILY = "1,2";
			};
			name = Release;
		};
		EDF54B362D80C19500F07FFE /* Debug */ = {
			isa = XCBuildConfiguration;
			buildSettings = {
				BUNDLE_LOADER = "$(TEST_HOST)";
				CODE_SIGN_STYLE = Automatic;
				CURRENT_PROJECT_VERSION = 1;
				GENERATE_INFOPLIST_FILE = YES;
				IPHONEOS_DEPLOYMENT_TARGET = 18.2;
				MARKETING_VERSION = 1.0;
				PRODUCT_BUNDLE_IDENTIFIER = ara.kkjTests;
				PRODUCT_NAME = "$(TARGET_NAME)";
				SWIFT_EMIT_LOC_STRINGS = NO;
				SWIFT_VERSION = 5.0;
				TARGETED_DEVICE_FAMILY = "1,2";
				TEST_HOST = "$(BUILT_PRODUCTS_DIR)/Hideblo.app/$(BUNDLE_EXECUTABLE_FOLDER_PATH)/Hideblo";
			};
			name = Debug;
		};
		EDF54B372D80C19500F07FFE /* Release */ = {
			isa = XCBuildConfiguration;
			buildSettings = {
				BUNDLE_LOADER = "$(TEST_HOST)";
				CODE_SIGN_STYLE = Automatic;
				CURRENT_PROJECT_VERSION = 1;
				GENERATE_INFOPLIST_FILE = YES;
				IPHONEOS_DEPLOYMENT_TARGET = 18.2;
				MARKETING_VERSION = 1.0;
				PRODUCT_BUNDLE_IDENTIFIER = ara.kkjTests;
				PRODUCT_NAME = "$(TARGET_NAME)";
				SWIFT_EMIT_LOC_STRINGS = NO;
				SWIFT_VERSION = 5.0;
				TARGETED_DEVICE_FAMILY = "1,2";
				TEST_HOST = "$(BUILT_PRODUCTS_DIR)/Hideblo.app/$(BUNDLE_EXECUTABLE_FOLDER_PATH)/Hideblo";
			};
			name = Release;
		};
		EDF54B392D80C19500F07FFE /* Debug */ = {
			isa = XCBuildConfiguration;
			buildSettings = {
				CODE_SIGN_STYLE = Automatic;
				CURRENT_PROJECT_VERSION = 1;
				GENERATE_INFOPLIST_FILE = YES;
				MARKETING_VERSION = 1.0;
				PRODUCT_BUNDLE_IDENTIFIER = ara.kkjUITests;
				PRODUCT_NAME = "$(TARGET_NAME)";
				SWIFT_EMIT_LOC_STRINGS = NO;
				SWIFT_VERSION = 5.0;
				TARGETED_DEVICE_FAMILY = "1,2";
				TEST_TARGET_NAME = kkj;
			};
			name = Debug;
		};
		EDF54B3A2D80C19500F07FFE /* Release */ = {
			isa = XCBuildConfiguration;
			buildSettings = {
				CODE_SIGN_STYLE = Automatic;
				CURRENT_PROJECT_VERSION = 1;
				GENERATE_INFOPLIST_FILE = YES;
				MARKETING_VERSION = 1.0;
				PRODUCT_BUNDLE_IDENTIFIER = ara.kkjUITests;
				PRODUCT_NAME = "$(TARGET_NAME)";
				SWIFT_EMIT_LOC_STRINGS = NO;
				SWIFT_VERSION = 5.0;
				TARGETED_DEVICE_FAMILY = "1,2";
				TEST_TARGET_NAME = kkj;
			};
			name = Release;
		};
/* End XCBuildConfiguration section */

/* Begin XCConfigurationList section */
		EDF54B092D80C19300F07FFE /* Build configuration list for PBXProject "Hideblo" */ = {
			isa = XCConfigurationList;
			buildConfigurations = (
				EDF54B302D80C19500F07FFE /* Debug */,
				EDF54B312D80C19500F07FFE /* Release */,
			);
			defaultConfigurationIsVisible = 0;
			defaultConfigurationName = Release;
		};
		EDF54B322D80C19500F07FFE /* Build configuration list for PBXNativeTarget "Hideblo" */ = {
			isa = XCConfigurationList;
			buildConfigurations = (
				EDF54B332D80C19500F07FFE /* Debug */,
				EDF54B342D80C19500F07FFE /* Release */,
			);
			defaultConfigurationIsVisible = 0;
			defaultConfigurationName = Release;
		};
		EDF54B352D80C19500F07FFE /* Build configuration list for PBXNativeTarget "HidebloTests" */ = {
			isa = XCConfigurationList;
			buildConfigurations = (
				EDF54B362D80C19500F07FFE /* Debug */,
				EDF54B372D80C19500F07FFE /* Release */,
			);
			defaultConfigurationIsVisible = 0;
			defaultConfigurationName = Release;
		};
		EDF54B382D80C19500F07FFE /* Build configuration list for PBXNativeTarget "HidebloUITests" */ = {
			isa = XCConfigurationList;
			buildConfigurations = (
				EDF54B392D80C19500F07FFE /* Debug */,
				EDF54B3A2D80C19500F07FFE /* Release */,
			);
			defaultConfigurationIsVisible = 0;
			defaultConfigurationName = Release;
		};
/* End XCConfigurationList section */
	};
	rootObject = EDF54B062D80C19300F07FFE /* Project object */;
}
